version = 1
revision = 3
requires-python = "==3.11.*"

[[package]]
name = "alembic"
version = "1.19.1"
source = { registry = "https://pypi.org/simple" }
dependencies = [
    { name = "mako" },
    { name = "sqlalchemy" },
    { name = "typing-extensions" },
]
sdist = { url = "https://files.pythonhosted.org/packages/16/2b/e4153978368de59918115c9e01d3ebf58a558a7285efa7e960c383c4b59a/alembic-1.19.1.tar.gz", hash = "sha256:e0fca0518118c78acc493e31bcb5402f190057aaf6df8b5b95ce94c4789cf648", size = 2070816, upload-time = "2026-08-08T16:32:01.565Z" }
wheels = [
    { url = "https://files.pythonhosted.org/packages/20/89/e62cc37b69ad357cc8ecd6e7367f5245f523d3cbb338a66197212bdf6749/alembic-1.19.1-py3-none-any.whl", hash = "sha256:b39018cb3d9413a19cbd54cf3c02ad33998641f0538eb77413a488a21c3e14be", size = 265946, upload-time = "2026-08-08T16:32:03.153Z" },
]

[[package]]
name = "colorama"
version = "0.4.6"
source = { registry = "https://pypi.org/simple" }
sdist = { url = "https://files.pythonhosted.org/packages/d8/53/6f443c9a4a8358a93a6792e2acffb9d9d5cb0a5cfd8802644b7b1c9a02e4/colorama-0.4.6.tar.gz", hash = "sha256:08695f5cb7ed6e0531a20572697297273c47b8cae5a63ffc6d6ed5c201be6e44", size = 27697, upload-time = "2022-10-25T02:36:22.414Z" }
wheels = [
    { url = "https://files.pythonhosted.org/packages/d1/d6/3965ed04c63042e047cb6a3e6ed1a63a35087b6a609aa3a15ed8ac56c221/colorama-0.4.6-py2.py3-none-any.whl", hash = "sha256:4f1d9991f5acc0ca119f9d443620b77f9d6b33703e51011c16baf57afb285fc6", size = 25335, upload-time = "2022-10-25T02:36:20.889Z" },
]

[[package]]
name = "faker"
version = "37.12.0"
source = { registry = "https://pypi.org/simple" }
dependencies = [
    { name = "tzdata" },
]
sdist = { url = "https://files.pythonhosted.org/packages/3d/84/e95acaa848b855e15c83331d0401ee5f84b2f60889255c2e055cb4fb6bdf/faker-37.12.0.tar.gz", hash = "sha256:7505e59a7e02fa9010f06c3e1e92f8250d4cfbb30632296140c2d6dbef09b0fa", size = 1935741, upload-time = "2025-10-24T15:19:58.764Z" }
wheels = [
    { url = "https://files.pythonhosted.org/packages/8e/98/2c050dec90e295a524c9b65c4cb9e7c302386a296b2938710448cbd267d5/faker-37.12.0-py3-none-any.whl", hash = "sha256:afe7ccc038da92f2fbae30d8e16d19d91e92e242f8401ce9caf44de892bab4c4", size = 1975461, upload-time = "2025-10-24T15:19:55.739Z" },
]

[[package]]
name = "greenlet"
version = "3.5.5"
source = { registry = "https://pypi.org/simple" }
sdist = { url = "https://files.pythonhosted.org/packages/0b/d8/7cc97c142388aef03f622e001c572c4f84e9252a439549d483f555771970/greenlet-3.5.5.tar.gz", hash = "sha256:adb4bae02e91a8e863e48b177e4014bdcac8a6b5e047ea1df687a61534b85e6c", size = 207585, upload-time = "2026-08-10T15:09:36.136Z" }
wheels = [
    { url = "https://files.pythonhosted.org/packages/4e/a3/07297917485ee2ca85bc3c8dc6ed85ad3fffcf424047fba62671dba68e97/greenlet-3.5.5-cp311-cp311-macosx_11_0_universal2.whl", hash = "sha256:be63afcbbccfad3dd95a1ba12ada84dab2ef32031973d80b5b92df67fa763a61", size = 294165, upload-time = "2026-08-10T13:25:17.987Z" },
    { url = "https://files.pythonhosted.org/packages/db/51/6f732f9314cda54c5fd48a7620c7160f4f286967e8045ad94b9d66ce80b7/greenlet-3.5.5-cp311-cp311-manylinux_2_24_aarch64.manylinux_2_28_aarch64.whl", hash = "sha256:8a268024ce2d7d2b04694bf1594058981a9fa663d1df4b762dee499211ed7c1c", size = 613610, upload-time = "2026-08-10T14:14:33.829Z" },
    { url = "https://files.pythonhosted.org/packages/d8/c0/b27589e25d220289edcd4d582b2b17b83058d1a56d53d971b6ea1a34f10d/greenlet-3.5.5-cp311-cp311-manylinux_2_24_ppc64le.manylinux_2_28_ppc64le.whl", hash = "sha256:35cbb8bf55ace57fbccb4fb8622c4521713acd8691e77f4696d416ea7ca527da", size = 625481, upload-time = "2026-08-10T14:27:23.647Z" },
    { url = "https://files.pythonhosted.org/packages/51/2d/f2c928218ac52f26d7a2c188c171d1b7e728b23782cb3347e7b4fce1493a/greenlet-3.5.5-cp311-cp311-manylinux_2_24_x86_64.manylinux_2_28_x86_64.whl", hash = "sha256:74cc6df89ec5302337adc9cf096221cbed2510fd444b0e0f1586cf0470740864", size = 624562, upload-time = "2026-08-10T13:40:48.064Z" },
    { url = "https://files.pythonhosted.org/packages/3e/4a/92fc51d5d35912f4f06eec037ba347985defd0be47463a010a325634d9d2/greenlet-3.5.5-cp311-cp311-musllinux_1_2_aarch64.whl", hash = "sha256:6d9b454c5fc48aeaa7c4337813dbf513a6870468e426438a04d922c6d0fe63db", size = 1584909, upload-time = "2026-08-10T14:15:04.343Z" },
    { url = "https://files.pythonhosted.org/packages/ac/58/ed98b80ac5738c149a5258544843c45601ade1fd70f61740cdaead6351b3/greenlet-3.5.5-cp311-cp311-musllinux_1_2_x86_64.whl", hash = "sha256:03551ed792cb1b4fc0277a0c60dfd8c343894a0ba06fe60dcd22f568b433da39", size = 1651184, upload-time = "2026-08-10T13:40:28.879Z" },
    { url = "https://files.pythonhosted.org/packages/d8/be/b582ceb80cefdf9d8da34078714e4b12b3d16f509dee0f65e40a5cc8fc7d/greenlet-3.5.5-cp311-cp311-win_amd64.whl", hash = "sha256:ab3df3dffb58bf70564e93a5cec7941e4d9faa5a36cc4234a10d3131afe04f53", size = 323280, upload-time = "2026-08-10T13:26:07.495Z" },
    { url = "https://files.pythonhosted.org/packages/4d/18/5313c4c58598c38b0373c013e4ff2b3e6d258aaaa338f373335ebecdaddd/greenlet-3.5.5-cp311-cp311-win_arm64.whl", hash = "sha256:2b70a766135540c472ac1393d57c2e1b4a2eb85bf526a1e41e6d096173a8cee5", size = 307785, upload-time = "2026-08-10T13:28:34.874Z" },
]

[[package]]
name = "iniconfig"
version = "2.3.0"
source = { registry = "https://pypi.org/simple" }
sdist = { url = "https://files.pythonhosted.org/packages/72/34/14ca021ce8e5dfedc35312d08ba8bf51fdd999c576889fc2c24cb97f4f10/iniconfig-2.3.0.tar.gz", hash = "sha256:c76315c77db068650d49c5b56314774a7804df16fee4402c1f19d6d15d8c4730", size = 20503, upload-time = "2025-10-18T21:55:43.219Z" }
wheels = [
    { url = "https://files.pythonhosted.org/packages/cb/b1/3846dd7f199d53cb17f49cba7e651e9ce294d8497c8c150530ed11865bb8/iniconfig-2.3.0-py3-none-any.whl", hash = "sha256:f631c04d2c48c52b84d0d0549c99ff3859c98df65b3101406327ecc7d53fbf12", size = 7484, upload-time = "2025-10-18T21:55:41.639Z" },
]

[[package]]
name = "mako"
version = "1.4.1"
source = { registry = "https://pypi.org/simple" }
dependencies = [
    { name = "markupsafe" },
]
sdist = { url = "https://files.pythonhosted.org/packages/2a/12/b5fa2353e2754cd67fb9f83793fa48ff42c213a5da7e719869d2301f6ab8/mako-1.4.1.tar.gz", hash = "sha256:d7904710b662996425a21627710c4777c45053146942cf8a7aebf757c92b8c27", size = 410165, upload-time = "2026-08-05T06:10:56.611Z" }
wheels = [
    { url = "https://files.pythonhosted.org/packages/a5/54/12ed58d458474aaab5c3d180173e745a4fe131bb330370596876d19ff60f/mako-1.4.1-py3-none-any.whl", hash = "sha256:a359d9a94a541213958742b2698d0a7757bb83551767bc468a74b9905aba9617", size = 80010, upload-time = "2026-08-05T06:10:58.248Z" },
]

[[package]]
name = "markupsafe"
version = "3.0.3"
source = { registry = "https://pypi.org/simple" }
sdist = { url = "https://files.pythonhosted.org/packages/7e/99/7690b6d4034fffd95959cbe0c02de8deb3098cc577c67bb6a24fe5d7caa7/markupsafe-3.0.3.tar.gz", hash = "sha256:722695808f4b6457b320fdc131280796bdceb04ab50fe1795cd540799ebe1698", size = 80313, upload-time = "2025-09-27T18:37:40.426Z" }
wheels = [
    { url = "https://files.pythonhosted.org/packages/08/db/fefacb2136439fc8dd20e797950e749aa1f4997ed584c62cfb8ef7c2be0e/markupsafe-3.0.3-cp311-cp311-macosx_10_9_x86_64.whl", hash = "sha256:1cc7ea17a6824959616c525620e387f6dd30fec8cb44f649e31712db02123dad", size = 11631, upload-time = "2025-09-27T18:36:18.185Z" },
    { url = "https://files.pythonhosted.org/packages/e1/2e/5898933336b61975ce9dc04decbc0a7f2fee78c30353c5efba7f2d6ff27a/markupsafe-3.0.3-cp311-cp311-macosx_11_0_arm64.whl", hash = "sha256:4bd4cd07944443f5a265608cc6aab442e4f74dff8088b0dfc8238647b8f6ae9a", size = 12058, upload-time = "2025-09-27T18:36:19.444Z" },
    { url = "https://files.pythonhosted.org/packages/1d/09/adf2df3699d87d1d8184038df46a9c80d78c0148492323f4693df54e17bb/markupsafe-3.0.3-cp311-cp311-manylinux2014_aarch64.manylinux_2_17_aarch64.manylinux_2_28_aarch64.whl", hash = "sha256:6b5420a1d9450023228968e7e6a9ce57f65d148ab56d2313fcd589eee96a7a50", size = 24287, upload-time = "2025-09-27T18:36:20.768Z" },
    { url = "https://files.pythonhosted.org/packages/30/ac/0273f6fcb5f42e314c6d8cd99effae6a5354604d461b8d392b5ec9530a54/markupsafe-3.0.3-cp311-cp311-manylinux2014_x86_64.manylinux_2_17_x86_64.manylinux_2_28_x86_64.whl", hash = "sha256:0bf2a864d67e76e5c9a34dc26ec616a66b9888e25e7b9460e1c76d3293bd9dbf", size = 22940, upload-time = "2025-09-27T18:36:22.249Z" },
    { url = "https://files.pythonhosted.org/packages/19/ae/31c1be199ef767124c042c6c3e904da327a2f7f0cd63a0337e1eca2967a8/markupsafe-3.0.3-cp311-cp311-manylinux_2_31_riscv64.manylinux_2_39_riscv64.whl", hash = "sha256:bc51efed119bc9cfdf792cdeaa4d67e8f6fcccab66ed4bfdd6bde3e59bfcbb2f", size = 21887, upload-time = "2025-09-27T18:36:23.535Z" },
    { url = "https://files.pythonhosted.org/packages/b2/76/7edcab99d5349a4532a459e1fe64f0b0467a3365056ae550d3bcf3f79e1e/markupsafe-3.0.3-cp311-cp311-musllinux_1_2_aarch64.whl", hash = "sha256:068f375c472b3e7acbe2d5318dea141359e6900156b5b2ba06a30b169086b91a", size = 23692, upload-time = "2025-09-27T18:36:24.823Z" },
    { url = "https://files.pythonhosted.org/packages/a4/28/6e74cdd26d7514849143d69f0bf2399f929c37dc2b31e6829fd2045b2765/markupsafe-3.0.3-cp311-cp311-musllinux_1_2_riscv64.whl", hash = "sha256:7be7b61bb172e1ed687f1754f8e7484f1c8019780f6f6b0786e76bb01c2ae115", size = 21471, upload-time = "2025-09-27T18:36:25.95Z" },
    { url = "https://files.pythonhosted.org/packages/62/7e/a145f36a5c2945673e590850a6f8014318d5577ed7e5920a4b3448e0865d/markupsafe-3.0.3-cp311-cp311-musllinux_1_2_x86_64.whl", hash = "sha256:f9e130248f4462aaa8e2552d547f36ddadbeaa573879158d721bbd33dfe4743a", size = 22923, upload-time = "2025-09-27T18:36:27.109Z" },
    { url = "https://files.pythonhosted.org/packages/0f/62/d9c46a7f5c9adbeeeda52f5b8d802e1094e9717705a645efc71b0913a0a8/markupsafe-3.0.3-cp311-cp311-win32.whl", hash = "sha256:0db14f5dafddbb6d9208827849fad01f1a2609380add406671a26386cdf15a19", size = 14572, upload-time = "2025-09-27T18:36:28.045Z" },
    { url = "https://files.pythonhosted.org/packages/83/8a/4414c03d3f891739326e1783338e48fb49781cc915b2e0ee052aa490d586/markupsafe-3.0.3-cp311-cp311-win_amd64.whl", hash = "sha256:de8a88e63464af587c950061a5e6a67d3632e36df62b986892331d4620a35c01", size = 15077, upload-time = "2025-09-27T18:36:29.025Z" },
    { url = "https://files.pythonhosted.org/packages/35/73/893072b42e6862f319b5207adc9ae06070f095b358655f077f69a35601f0/markupsafe-3.0.3-cp311-cp311-win_arm64.whl", hash = "sha256:3b562dd9e9ea93f13d53989d23a7e775fdfd1066c33494ff43f5418bc8c58a5c", size = 13876, upload-time = "2025-09-27T18:36:29.954Z" },
]

[[package]]
name = "mvp-eng-dados-1"
version = "0.1.0"
source = { editable = "." }
dependencies = [
    { name = "alembic" },
    { name = "faker" },
    { name = "psycopg", extra = ["binary"] },
    { name = "pyyaml" },
    { name = "sqlalchemy" },
]

[package.dev-dependencies]
dev = [
    { name = "pytest" },
]

[package.metadata]
requires-dist = [
    { name = "alembic", specifier = ">=1.13,<2.0" },
    { name = "faker", specifier = ">=30,<38" },
    { name = "psycopg", extras = ["binary"], specifier = ">=3.2,<4.0" },
    { name = "pyyaml", specifier = ">=6.0,<7.0" },
    { name = "sqlalchemy", specifier = ">=2.0,<3.0" },
]

[package.metadata.requires-dev]
dev = [{ name = "pytest", specifier = ">=8.0,<9.0" }]

[[package]]
name = "packaging"
version = "26.3"
source = { registry = "https://pypi.org/simple" }
sdist = { url = "https://files.pythonhosted.org/packages/7d/fa/3944b40b07da9ce895c0e6303a5ab7d53da063554f534556b134a54d6093/packaging-26.3.tar.gz", hash = "sha256:94edc256424af38762eb31306eed28beb9f0efc50a8837492c9d6fd6004aed79", size = 313412, upload-time = "2026-08-04T18:15:28.737Z" }
wheels = [
    { url = "https://files.pythonhosted.org/packages/63/34/ba1c580383c9eada3711951fef0795c80b829a078d72188184bcab9dd527/packaging-26.3-py3-none-any.whl", hash = "sha256:d7193f7c8e4e93f444fde0262bf90af30e16fa0ad0ad44cb553c87339b23cd1c", size = 129956, upload-time = "2026-08-04T18:15:27.159Z" },
]

[[package]]
name = "pluggy"
version = "1.6.0"
source = { registry = "https://pypi.org/simple" }
sdist = { url = "https://files.pythonhosted.org/packages/f9/e2/3e91f31a7d2b083fe6ef3fa267035b518369d9511ffab804f839851d2779/pluggy-1.6.0.tar.gz", hash = "sha256:7dcc130b76258d33b90f61b658791dede3486c3e6bfb003ee5c9bfb396dd22f3", size = 69412, upload-time = "2025-05-15T12:30:07.975Z" }
wheels = [
    { url = "https://files.pythonhosted.org/packages/54/20/4d324d65cc6d9205fabedc306948156824eb9f0ee1633355a8f7ec5c66bf/pluggy-1.6.0-py3-none-any.whl", hash = "sha256:e920276dd6813095e9377c0bc5566d94c932c33b27a3e3945d8389c374dd4746", size = 20538, upload-time = "2025-05-15T12:30:06.134Z" },
]

[[package]]
name = "psycopg"
version = "3.3.5"
source = { registry = "https://pypi.org/simple" }
dependencies = [
    { name = "typing-extensions" },
    { name = "tzdata", marker = "sys_platform == 'win32'" },
]
sdist = { url = "https://files.pythonhosted.org/packages/72/73/8fb739d0f6bba247b9b93c9840c402a4f88545be5f1d4b02b23366371c00/psycopg-3.3.5.tar.gz", hash = "sha256:d0a3d9ccf5788af054cbd745278cb02401b5c312aeaafbf2c6144460aec47da4", size = 166508, upload-time = "2026-08-31T22:45:43.151Z" }
wheels = [
    { url = "https://files.pythonhosted.org/packages/3d/2e/d0a645bcaadde68bd6d93c43f02f14b0191bdda367ce3f7722abe3da744a/psycopg-3.3.5-py3-none-any.whl", hash = "sha256:ce5aa5cdb4f9379f00f487590e5890bfa7df9a164648c969ffa628505e21af4e", size = 213598, upload-time = "2026-08-31T22:39:02.184Z" },
]

[package.optional-dependencies]
binary = [
    { name = "psycopg-binary", marker = "implementation_name != 'pypy'" },
]

[[package]]
name = "psycopg-binary"
version = "3.3.5"
source = { registry = "https://pypi.org/simple" }
wheels = [
    { url = "https://files.pythonhosted.org/packages/ed/67/ac6b3dfd2d495f8599f7179f8082af4b3be72caa44942ddb45e9613338eb/psycopg_binary-3.3.5-cp311-cp311-macosx_10_9_x86_64.whl", hash = "sha256:c6bd84e4cf67930f26f015dec33f615472b9c5871d46408efe112dbc1bc021de", size = 4720383, upload-time = "2026-08-31T22:40:22.262Z" },
    { url = "https://files.pythonhosted.org/packages/2a/7f/c3870c7e5ba6b4444e3e5401c79d5e83afe2c7045844eabb25d5b39adecb/psycopg_binary-3.3.5-cp311-cp311-macosx_11_0_arm64.whl", hash = "sha256:fdbeb38c9b7ca8fa57a7bda3802bedb62f4494ad3dd46c7dd36dc3f77fd5093f", size = 4768854, upload-time = "2026-08-31T22:40:26.639Z" },
    { url = "https://files.pythonhosted.org/packages/0e/a2/04834fb8a2af14d42e48abeb61ace0a4fee2d6f516723d897cff16fce677/psycopg_binary-3.3.5-cp311-cp311-manylinux2014_ppc64le.manylinux_2_17_ppc64le.whl", hash = "sha256:06de14ac978a2d53e864069fb5487075c6e3cfb0740f1bfd7017bc8b9942067f", size = 5588618, upload-time = "2026-08-31T22:40:36.524Z" },
    { url = "https://files.pythonhosted.org/packages/de/0d/2eed6e7f8c5ada9e08cbdca4b78083df12f5c2a8d13fa0c62cd6b2b1d762/psycopg_binary-3.3.5-cp311-cp311-manylinux2014_x86_64.manylinux_2_17_x86_64.whl", hash = "sha256:d8b66353b20e79bf7ac0a80f03ae97f522ccbbf909d687eec62f112e56c0276d", size = 5259471, upload-time = "2026-08-31T22:40:46.43Z" },
    { url = "https://files.pythonhosted.org/packages/96/66/2347889e693502e8473a60b3defac0300829007275a21980a2197c200418/psycopg_binary-3.3.5-cp311-cp311-manylinux_2_27_aarch64.manylinux_2_28_aarch64.whl", hash = "sha256:af5084124fb2fd16557073822519dfe8c389636a16adef661a4c0c3918733171", size = 6851181, upload-time = "2026-08-31T22:40:52.939Z" },
    { url = "https://files.pythonhosted.org/packages/b6/11/039d7bbdc8ac28292a2fb9f54a7385116c7d31a3bf9c87e71eda154b32b9/psycopg_binary-3.3.5-cp311-cp311-manylinux_2_38_riscv64.manylinux_2_39_riscv64.whl", hash = "sha256:1344fd57a19737554670e67aecabd4fb37cd7937f2925840009645d641117e5a", size = 5098916, upload-time = "2026-08-31T22:40:57.505Z" },
    { url = "https://files.pythonhosted.org/packages/d4/01/5f77284d0c682106279da7d9e26527ae99f3241a91f0549b033c84441404/psycopg_binary-3.3.5-cp311-cp311-musllinux_1_2_aarch64.whl", hash = "sha256:2719fe19a4da752c4110cc767716d0a5bdb760d1153d89018bb7c9c61717bde5", size = 4617043, upload-time = "2026-08-31T22:41:04.555Z" },
    { url = "https://files.pythonhosted.org/packages/8b/4a/c07000298ffa3eaf25a720a5fd4bc9326676e99712722ca1accb40071e66/psycopg_binary-3.3.5-cp311-cp311-musllinux_1_2_ppc64le.whl", hash = "sha256:893ce86a4b997f6ca1261a7826db2506727332a6ff66646fa7f024b39b5e630e", size = 4310458, upload-time = "2026-08-31T22:41:11.72Z" },
    { url = "https://files.pythonhosted.org/packages/c7/0a/cc7da5bb2bed198354f8dcc7c5dab3f1473edf2b6a177c1e8ec3fa9841ea/psycopg_binary-3.3.5-cp311-cp311-musllinux_1_2_riscv64.whl", hash = "sha256:a5e45e4bb68656253ce5c7a344c0a425c293581eba954d7fd7c2e4b2dc9f3038", size = 4039320, upload-time = "2026-08-31T22:41:20.783Z" },
    { url = "https://files.pythonhosted.org/packages/17/60/f65755f1ab74223b437f1d366f63915b6f5e1292234de47643f898c29faf/psycopg_binary-3.3.5-cp311-cp311-musllinux_1_2_x86_64.whl", hash = "sha256:ca8af7c0454cdce235d4aedcb5528857468f1490202d25e24fc7af40e176d563", size = 4342427, upload-time = "2026-08-31T22:41:27.068Z" },
    { url = "https://files.pythonhosted.org/packages/0e/3c/6b1ea5b5544fa51ee6da8e99e96ca6a639ed1e0da2e335467893f14d3182/psycopg_binary-3.3.5-cp311-cp311-win_amd64.whl", hash = "sha256:7b443f943abfe35aa5a776630cea27c9348aa66659286cee0b99084332252080", size = 3665235, upload-time = "2026-08-31T22:41:30.9Z" },
]

[[package]]
name = "pygments"
version = "2.21.0"
source = { registry = "https://pypi.org/simple" }
sdist = { url = "https://files.pythonhosted.org/packages/49/2e/ced460408999b33da6b31b0021b0f37d329e202d4169aeb164493778f25b/pygments-2.21.0.tar.gz", hash = "sha256:610ca751c9bc2492b38eb9a38a7fbc93edbbb2d7182edaf34e66ae493dee5c8c", size = 5005329, upload-time = "2026-08-17T08:02:48.824Z" }
wheels = [
    { url = "https://files.pythonhosted.org/packages/71/46/17f022dd3e953bf20a04a028a21ec746d942f8d2af30fa0f124fa0e6a684/pygments-2.21.0-py3-none-any.whl", hash = "sha256:2363c69b61c4a97c838da3b130dcd6468f4848992b21a82f2a63ec34377137d9", size = 1250147, upload-time = "2026-08-17T08:02:44.912Z" },
]

[[package]]
name = "pytest"
version = "8.4.2"
source = { registry = "https://pypi.org/simple" }
dependencies = [
    { name = "colorama", marker = "sys_platform == 'win32'" },
    { name = "iniconfig" },
    { name = "packaging" },
    { name = "pluggy" },
    { name = "pygments" },
]
sdist = { url = "https://files.pythonhosted.org/packages/a3/5c/00a0e072241553e1a7496d638deababa67c5058571567b92a7eaa258397c/pytest-8.4.2.tar.gz", hash = "sha256:86c0d0b93306b961d58d62a4db4879f27fe25513d4b969df351abdddb3c30e01", size = 1519618, upload-time = "2025-09-04T14:34:22.711Z" }
wheels = [
    { url = "https://files.pythonhosted.org/packages/a8/a4/20da314d277121d6534b3a980b29035dcd51e6744bd79075a6ce8fa4eb8d/pytest-8.4.2-py3-none-any.whl", hash = "sha256:872f880de3fc3a5bdc88a11b39c9710c3497a547cfa9320bc3c5e62fbf272e79", size = 365750, upload-time = "2025-09-04T14:34:20.226Z" },
]

[[package]]
name = "pyyaml"
version = "6.0.3"
source = { registry = "https://pypi.org/simple" }
sdist = { url = "https://files.pythonhosted.org/packages/05/8e/961c0007c59b8dd7729d542c61a4d537767a59645b82a0b521206e1e25c2/pyyaml-6.0.3.tar.gz", hash = "sha256:d76623373421df22fb4cf8817020cbb7ef15c725b9d5e45f17e189bfc384190f", size = 130960, upload-time = "2025-09-25T21:33:16.546Z" }
wheels = [
    { url = "https://files.pythonhosted.org/packages/6d/16/a95b6757765b7b031c9374925bb718d55e0a9ba8a1b6a12d25962ea44347/pyyaml-6.0.3-cp311-cp311-macosx_10_13_x86_64.whl", hash = "sha256:44edc647873928551a01e7a563d7452ccdebee747728c1080d881d68af7b997e", size = 185826, upload-time = "2025-09-25T21:31:58.655Z" },
    { url = "https://files.pythonhosted.org/packages/16/19/13de8e4377ed53079ee996e1ab0a9c33ec2faf808a4647b7b4c0d46dd239/pyyaml-6.0.3-cp311-cp311-macosx_11_0_arm64.whl", hash = "sha256:652cb6edd41e718550aad172851962662ff2681490a8a711af6a4d288dd96824", size = 175577, upload-time = "2025-09-25T21:32:00.088Z" },
    { url = "https://files.pythonhosted.org/packages/0c/62/d2eb46264d4b157dae1275b573017abec435397aa59cbcdab6fc978a8af4/pyyaml-6.0.3-cp311-cp311-manylinux2014_aarch64.manylinux_2_17_aarch64.manylinux_2_28_aarch64.whl", hash = "sha256:10892704fc220243f5305762e276552a0395f7beb4dbf9b14ec8fd43b57f126c", size = 775556, upload-time = "2025-09-25T21:32:01.31Z" },
    { url = "https://files.pythonhosted.org/packages/10/cb/16c3f2cf3266edd25aaa00d6c4350381c8b012ed6f5276675b9eba8d9ff4/pyyaml-6.0.3-cp311-cp311-manylinux2014_s390x.manylinux_2_17_s390x.manylinux_2_28_s390x.whl", hash = "sha256:850774a7879607d3a6f50d36d04f00ee69e7fc816450e5f7e58d7f17f1ae5c00", size = 882114, upload-time = "2025-09-25T21:32:03.376Z" },
    { url = "https://files.pythonhosted.org/packages/71/60/917329f640924b18ff085ab889a11c763e0b573da888e8404ff486657602/pyyaml-6.0.3-cp311-cp311-manylinux2014_x86_64.manylinux_2_17_x86_64.manylinux_2_28_x86_64.whl", hash = "sha256:b8bb0864c5a28024fac8a632c443c87c5aa6f215c0b126c449ae1a150412f31d", size = 806638, upload-time = "2025-09-25T21:32:04.553Z" },
    { url = "https://files.pythonhosted.org/packages/dd/6f/529b0f316a9fd167281a6c3826b5583e6192dba792dd55e3203d3f8e655a/pyyaml-6.0.3-cp311-cp311-musllinux_1_2_aarch64.whl", hash = "sha256:1d37d57ad971609cf3c53ba6a7e365e40660e3be0e5175fa9f2365a379d6095a", size = 767463, upload-time = "2025-09-25T21:32:06.152Z" },
    { url = "https://files.pythonhosted.org/packages/f2/6a/b627b4e0c1dd03718543519ffb2f1deea4a1e6d42fbab8021936a4d22589/pyyaml-6.0.3-cp311-cp311-musllinux_1_2_x86_64.whl", hash = "sha256:37503bfbfc9d2c40b344d06b2199cf0e96e97957ab1c1b546fd4f87e53e5d3e4", size = 794986, upload-time = "2025-09-25T21:32:07.367Z" },
    { url = "https://files.pythonhosted.org/packages/45/91/47a6e1c42d9ee337c4839208f30d9f09caa9f720ec7582917b264defc875/pyyaml-6.0.3-cp311-cp311-win32.whl", hash = "sha256:8098f252adfa6c80ab48096053f512f2321f0b998f98150cea9bd23d83e1467b", size = 142543, upload-time = "2025-09-25T21:32:08.95Z" },
    { url = "https://files.pythonhosted.org/packages/da/e3/ea007450a105ae919a72393cb06f122f288ef60bba2dc64b26e2646fa315/pyyaml-6.0.3-cp311-cp311-win_amd64.whl", hash = "sha256:9f3bfb4965eb874431221a3ff3fdcddc7e74e3b07799e0e84ca4a0f867d449bf", size = 158763, upload-time = "2025-09-25T21:32:09.96Z" },
]

[[package]]
name = "sqlalchemy"
version = "2.0.52"
source = { registry = "https://pypi.org/simple" }
dependencies = [
    { name = "greenlet", marker = "platform_machine == 'AMD64' or platform_machine == 'WIN32' or platform_machine == 'aarch64' or platform_machine == 'amd64' or platform_machine == 'ppc64le' or platform_machine == 'win32' or platform_machine == 'x86_64'" },
    { name = "typing-extensions" },
]
sdist = { url = "https://files.pythonhosted.org/packages/3b/21/77b4c147963073040dc3c3a5cb7a8c3001a1893c0209432cb77f9df836aa/sqlalchemy-2.0.52.tar.gz", hash = "sha256:5e2d46356ac2ccb7d268ab6c2319ac6a2b42f1b8d5fd8bd3d46855cd82abee97", size = 9945637, upload-time = "2026-08-11T19:07:09.829Z" }
wheels = [
    { url = "https://files.pythonhosted.org/packages/6b/08/cc5f7627b92f1456bc0b5fb7e98af4600248abe422a44da0d17a3fe6a448/sqlalchemy-2.0.52-cp311-cp311-macosx_11_0_arm64.whl", hash = "sha256:e0c3ce43907374889f3352bdcc6195c970148a2cb71574cd0237a5071a37fb6c", size = 2172460, upload-time = "2026-08-11T20:58:22.429Z" },
    { url = "https://files.pythonhosted.org/packages/ed/dc/9a2abad8bfc8fdcd38c64adc056aeefab7aaa96ecd32f5e8c140e6375f17/sqlalchemy-2.0.52-cp311-cp311-manylinux2014_aarch64.manylinux_2_17_aarch64.manylinux_2_28_aarch64.whl", hash = "sha256:7a0d48c4b80717c61385b4e966e087c839a66cfd7b780641dcb428f4dba65608", size = 3355720, upload-time = "2026-08-11T21:00:06.746Z" },
    { url = "https://files.pythonhosted.org/packages/a8/73/e75597b5841043e3c74055d00d4feb53d9a49a5c89ba2450d2d9aab53597/sqlalchemy-2.0.52-cp311-cp311-manylinux2014_x86_64.manylinux_2_17_x86_64.manylinux_2_28_x86_64.whl", hash = "sha256:938325a5373267afc53bfbe72983b20fbd64ca47842aac62433c3da1137ecff1", size = 3354394, upload-time = "2026-08-11T21:05:51.454Z" },
    { url = "https://files.pythonhosted.org/packages/12/25/410fbc6c2f1fa8310f4ef1b6847d47d0ac1c042c7b4e81eaaca063d030a9/sqlalchemy-2.0.52-cp311-cp311-musllinux_1_2_aarch64.whl", hash = "sha256:5f8438a98d49424acf69d0d53c0a522951dfe49a6f2d86417fbb37ad3066ab43", size = 3306991, upload-time = "2026-08-11T21:00:08.603Z" },
    { url = "https://files.pythonhosted.org/packages/b2/ba/25ffd5c24681ea4b46e62c80ceca8200ce204de1773366321306cf3f608a/sqlalchemy-2.0.52-cp311-cp311-musllinux_1_2_x86_64.whl", hash = "sha256:4699dbb8d396d199e7e78fd4d525e3ad3d6008a9c8c0160b87e74c606c2c3736", size = 3327454, upload-time = "2026-08-11T21:05:53.368Z" },
    { url = "https://files.pythonhosted.org/packages/c2/f1/0f1b1d4800e51218e736a06ed55a3b2a59c257600bbaca7673bf13d2dbec/sqlalchemy-2.0.52-cp311-cp311-win32.whl", hash = "sha256:cef328349452ae152637df4d11ce5a0919ecdf0a363e16c830c3518ee33bde72", size = 2131248, upload-time = "2026-08-11T21:09:50.765Z" },
    { url = "https://files.pythonhosted.org/packages/7a/f0/04d2ac5ad66f3d31278f37064ed5f5ef3fe653f7bdaa67036663f223d186/sqlalchemy-2.0.52-cp311-cp311-win_amd64.whl", hash = "sha256:f1c850792a3b25a3ad74dade3f05e4f402cdebfea27438bcadafaa1617f77bcc", size = 2156943, upload-time = "2026-08-11T21:09:51.979Z" },
    { url = "https://files.pythonhosted.org/packages/b3/3f/3582293d1e185e71d19d7c731c3e2ee20ba21981c4a1115c0806c1f62120/sqlalchemy-2.0.52-py3-none-any.whl", hash = "sha256:3b81b8363a919ce53453591cdb93702e6bd54ade6c4fa2f468fc053baee5ed89", size = 1950700, upload-time = "2026-08-11T20:47:21.603Z" },
]

[[package]]
name = "typing-extensions"
version = "4.16.0"
source = { registry = "https://pypi.org/simple" }
sdist = { url = "https://files.pythonhosted.org/packages/f6/cc/6253133b5bb138fc3306cebfbda2c520f545d36b5be2c7255cc528bb45d6/typing_extensions-4.16.0.tar.gz", hash = "sha256:dc983d19a509c94dba722ee6abd33940f7c05a89e243c47e907eb4db6f1a43e5", size = 113555, upload-time = "2026-07-02T08:40:05.92Z" }
wheels = [
    { url = "https://files.pythonhosted.org/packages/49/d3/b8441a820a491ddfc024b0b0cf0393375b75ea13866d9c66727e54c2fc80/typing_extensions-4.16.0-py3-none-any.whl", hash = "sha256:481caa481374e813c1b176ada14e97f1f67a4539ce9cfeb3f350d78d6370c2e8", size = 45571, upload-time = "2026-07-02T08:40:04.659Z" },
]

[[package]]
name = "tzdata"
version = "2026.3"
source = { registry = "https://pypi.org/simple" }
sdist = { url = "https://files.pythonhosted.org/packages/92/ff/5a28bdfd8c3ebec42564ac7d0e54ca3db65044a9314a97f9564fa7a1e926/tzdata-2026.3.tar.gz", hash = "sha256:4a1518b8993086a7982523e071643f3c0e5f213e75b21318e78bcabfff9d1415", size = 198674, upload-time = "2026-07-10T08:50:37.887Z" }
wheels = [
    { url = "https://files.pythonhosted.org/packages/e5/6d/b53b99a9f2766d095985947a5782f1702cabb129a34f7a802d7197af832f/tzdata-2026.3-py2.py3-none-any.whl", hash = "sha256:dc096730c87af6cab1b171c9d532be840741ff5d459015e7f6947bd7d7e54931", size = 348168, upload-time = "2026-07-10T08:50:36.46Z" },
]
